
Microsoft Visual Studio Solution File, Format Version 12.00
# Visual Studio Version 16
VisualStudioVersion = 16.0.30611.23
MinimumVisualStudioVersion = 10.0.40219.1
Project("{FAE04EC0-301F-11D3-BF4B-00C04F79EFBC}") = "BaseConversion", "BaseConversion\BaseConversion.csproj", "{A0224026-02A0-428F-AD89-9044E60AE7B6}"
EndProject
Global
	GlobalSection(SolutionConfigurationPlatforms) = preSolution
		Debug|Any CPU = Debug|Any CPU
		Release|Any CPU = Release|Any CPU
	EndGlobalSection
	GlobalSection(ProjectConfigurationPlatforms) = postSolution
		{A0224026-02A0-428F-AD89-9044E60AE7B6}.Debug|Any CPU.ActiveCfg = Debug|Any CPU
		{A0224026-02A0-428F-AD89-9044E60AE7B6}.Debug|Any CPU.Build.0 = Debug|Any CPU
		{A0224026-02A0-428F-AD89-9044E60AE7B6}.Release|Any CPU.ActiveCfg = Release|Any CPU
		{A0224026-02A0-428F-AD89-9044E60AE7B6}.Release|Any CPU.Build.0 = Release|Any CPU
	EndGlobalSection
	GlobalSection(SolutionProperties) = preSolution
		HideSolutionNode = FALSE
	EndGlobalSection
	GlobalSection(ExtensibilityGlobals) = postSolution
		SolutionGuid = {DF0DF61C-4363-4267-BFD3-D9D9BFAB76B0}
	EndGlobalSection
EndGlobal
